// !$*UTF8*$!
{
	archiveVersion = 1;
	classes = {
	};
	objectVersion = 46;
	objects = {

/* Begin PBXBuildFile section */
		05CF7930DC2B63A9D5D730D4 /* Pods_SmartHome.framework in Frameworks */ = {isa = PBXBuildFile; fileRef = 0AAC80EB3DA43164F595D07A /* Pods_SmartHome.framework */; };
		B8B1ECF7CC07C83E7A60230B /* Pods_SmartHomeTests.framework in Frameworks */ = {isa = PBXBuildFile; fileRef = CAC6B3330C5583F798B77BFD /* Pods_SmartHomeTests.framework */; };
		CFBF841A1CE3C94700021987 /* main.m in Sources */ = {isa = PBXBuildFile; fileRef = CFBF84191CE3C94700021987 /* main.m */; };
		CFBF841D1CE3C94700021987 /* AppDelegate.m in Sources */ = {isa = PBXBuildFile; fileRef = CFBF841C1CE3C94700021987 /* AppDelegate.m */; };
		CFBF84231CE3C94700021987 /* Main.storyboard in Resources */ = {isa = PBXBuildFile; fileRef = CFBF84211CE3C94700021987 /* Main.storyboard */; };
		CFBF84251CE3C94800021987 /* Assets.xcassets in Resources */ = {isa = PBXBuildFile; fileRef = CFBF84241CE3C94800021987 /* Assets.xcassets */; };
		CFBF84281CE3C94800021987 /* LaunchScreen.storyboard in Resources */ = {isa = PBXBuildFile; fileRef = CFBF84261CE3C94800021987 /* LaunchScreen.storyboard */; };
		CFBF84331CE3C94800021987 /* SmartHomeTests.m in Sources */ = {isa = PBXBuildFile; fileRef = CFBF84321CE3C94800021987 /* SmartHomeTests.m */; };
		CFBF843E1CE3C94800021987 /* SmartHomeUITests.m in Sources */ = {isa = PBXBuildFile; fileRef = CFBF843D1CE3C94800021987 /* SmartHomeUITests.m */; };
		CFDD6BC21D2D47E9005D42BD /* UIComponents.m in Sources */ = {isa = PBXBuildFile; fileRef = CFDD6BC11D2D47E9005D42BD /* UIComponents.m */; };
		CFDFAB041CE3E9AC00511441 /* LuminosityViewController.m in Sources */ = {isa = PBXBuildFile; fileRef = CFDFAAFF1CE3E9AC00511441 /* LuminosityViewController.m */; };
		CFDFAB051CE3E9AC00511441 /* ServoMotorViewController.m in Sources */ = {isa = PBXBuildFile; fileRef = CFDFAB011CE3E9AC00511441 /* ServoMotorViewController.m */; };
		CFDFAB061CE3E9AC00511441 /* TemperatureViewController.m in Sources */ = {isa = PBXBuildFile; fileRef = CFDFAB031CE3E9AC00511441 /* TemperatureViewController.m */; };
		CFDFAB201CE3ECCC00511441 /* GraphicView.m in Sources */ = {isa = PBXBuildFile; fileRef = CFDFAB1D1CE3ECCC00511441 /* GraphicView.m */; };
		CFF7C4F91CE4CC8A0026540E /* BublesView.m in Sources */ = {isa = PBXBuildFile; fileRef = CFF7C4F81CE4CC8A0026540E /* BublesView.m */; };
		CFFBDE421E71F56100B8128E /* TIASmartHomeService.m in Sources */ = {isa = PBXBuildFile; fileRef = CFFBDE411E71F56100B8128E /* TIASmartHomeService.m */; };
		CFFBDE451E71F5FA00B8128E /* TIASmartHome_NSURLConnection.m in Sources */ = {isa = PBXBuildFile; fileRef = CFFBDE441E71F5FA00B8128E /* TIASmartHome_NSURLConnection.m */; };
		CFFBDE481E71F94E00B8128E /* TIAUserModel.m in Sources */ = {isa = PBXBuildFile; fileRef = CFFBDE471E71F94E00B8128E /* TIAUserModel.m */; };
		CFFBDE4B1E71F9A600B8128E /* TIATemperatureModel.m in Sources */ = {isa = PBXBuildFile; fileRef = CFFBDE4A1E71F9A600B8128E /* TIATemperatureModel.m */; };
		CFFBDE4F1E71F9DC00B8128E /* TIARoomModel.m in Sources */ = {isa = PBXBuildFile; fileRef = CFFBDE4E1E71F9DC00B8128E /* TIARoomModel.m */; };
		CFFBDE521E71FA0800B8128E /* TIAWashingMachineModel.m in Sources */ = {isa = PBXBuildFile; fileRef = CFFBDE511E71FA0800B8128E /* TIAWashingMachineModel.m */; };
		CFFBDE5A1E720F7C00B8128E /* NSArray+Enumerator.m in Sources */ = {isa = PBXBuildFile; fileRef = CFFBDE591E720F7C00B8128E /* NSArray+Enumerator.m */; };
		CFFBDE5D1E7214B900B8128E /* TIATemperaturePerDayModel.m in Sources */ = {isa = PBXBuildFile; fileRef = CFFBDE5C1E7214B900B8128E /* TIATemperaturePerDayModel.m */; };
		F29D058BDD208536D5BC2906 /* Pods_SmartHomeUITests.framework in Frameworks */ = {isa = PBXBuildFile; fileRef = 7A2D536C38CFDD048F55D152 /* Pods_SmartHomeUITests.framework */; };
/* End PBXBuildFile section */

/* Begin PBXContainerItemProxy section */
		CFBF842F1CE3C94800021987 /* PBXContainerItemProxy */ = {
			isa = PBXContainerItemProxy;
			containerPortal = CFBF840D1CE3C94700021987 /* Project object */;
			proxyType = 1;
			remoteGlobalIDString = CFBF84141CE3C94700021987;
			remoteInfo = SmartHome;
		};
		CFBF843A1CE3C94800021987 /* PBXContainerItemProxy */ = {
			isa = PBXContainerItemProxy;
			containerPortal = CFBF840D1CE3C94700021987 /* Project object */;
			proxyType = 1;
			remoteGlobalIDString = CFBF84141CE3C94700021987;
			remoteInfo = SmartHome;
		};
/* End PBXContainerItemProxy section */

/* Begin PBXFileReference section */
		0AAC80EB3DA43164F595D07A /* Pods_SmartHome.framework */ = {isa = PBXFileReference; explicitFileType = wrapper.framework; includeInIndex = 0; path = Pods_SmartHome.framework; sourceTree = BUILT_PRODUCTS_DIR; };
		7A2D536C38CFDD048F55D152 /* Pods_SmartHomeUITests.framework */ = {isa = PBXFileReference; explicitFileType = wrapper.framework; includeInIndex = 0; path = Pods_SmartHomeUITests.framework; sourceTree = BUILT_PRODUCTS_DIR; };
		CAC6B3330C5583F798B77BFD /* Pods_SmartHomeTests.framework */ = {isa = PBXFileReference; explicitFileType = wrapper.framework; includeInIndex = 0; path = Pods_SmartHomeTests.framework; sourceTree = BUILT_PRODUCTS_DIR; };
		CFBF84151CE3C94700021987 /* SmartHome.app */ = {isa = PBXFileReference; explicitFileType = wrapper.application; includeInIndex = 0; path = SmartHome.app; sourceTree = BUILT_PRODUCTS_DIR; };
		CFBF84191CE3C94700021987 /* main.m */ = {isa = PBXFileReference; lastKnownFileType = sourcecode.c.objc; path = main.m; sourceTree = "<group>"; };
		CFBF841B1CE3C94700021987 /* AppDelegate.h */ = {isa = PBXFileReference; lastKnownFileType = sourcecode.c.h; path = AppDelegate.h; sourceTree = "<group>"; };
		CFBF841C1CE3C94700021987 /* AppDelegate.m */ = {isa = PBXFileReference; lastKnownFileType = sourcecode.c.objc; path = AppDelegate.m; sourceTree = "<group>"; };
		CFBF84221CE3C94700021987 /* Base */ = {isa = PBXFileReference; lastKnownFileType = file.storyboard; name = Base; path = Base.lproj/Main.storyboard; sourceTree = "<group>"; };
		CFBF84241CE3C94800021987 /* Assets.xcassets */ = {isa = PBXFileReference; lastKnownFileType = folder.assetcatalog; path = Assets.xcassets; sourceTree = "<group>"; };
		CFBF84271CE3C94800021987 /* Base */ = {isa = PBXFileReference; lastKnownFileType = file.storyboard; name = Base; path = Base.lproj/LaunchScreen.storyboard; sourceTree = "<group>"; };
		CFBF84291CE3C94800021987 /* Info.plist */ = {isa = PBXFileReference; lastKnownFileType = text.plist.xml; path = Info.plist; sourceTree = "<group>"; };
		CFBF842E1CE3C94800021987 /* SmartHomeTests.xctest */ = {isa = PBXFileReference; explicitFileType = wrapper.cfbundle; includeInIndex = 0; path = SmartHomeTests.xctest; sourceTree = BUILT_PRODUCTS_DIR; };
		CFBF84321CE3C94800021987 /* SmartHomeTests.m */ = {isa = PBXFileReference; lastKnownFileType = sourcecode.c.objc; path = SmartHomeTests.m; sourceTree = "<group>"; };
		CFBF84341CE3C94800021987 /* Info.plist */ = {isa = PBXFileReference; lastKnownFileType = text.plist.xml; path = Info.plist; sourceTree = "<group>"; };
		CFBF84391CE3C94800021987 /* SmartHomeUITests.xctest */ = {isa = PBXFileReference; explicitFileType = wrapper.cfbundle; includeInIndex = 0; path = SmartHomeUITests.xctest; sourceTree = BUILT_PRODUCTS_DIR; };
		CFBF843D1CE3C94800021987 /* SmartHomeUITests.m */ = {isa = PBXFileReference; lastKnownFileType = sourcecode.c.objc; path = SmartHomeUITests.m; sourceTree = "<group>"; };
		CFBF843F1CE3C94800021987 /* Info.plist */ = {isa = PBXFileReference; lastKnownFileType = text.plist.xml; path = Info.plist; sourceTree = "<group>"; };
		CFDD6BC01D2D47E9005D42BD /* UIComponents.h */ = {isa = PBXFileReference; fileEncoding = 4; lastKnownFileType = sourcecode.c.h; path = UIComponents.h; sourceTree = "<group>"; };
		CFDD6BC11D2D47E9005D42BD /* UIComponents.m */ = {isa = PBXFileReference; fileEncoding = 4; lastKnownFileType = sourcecode.c.objc; path = UIComponents.m; sourceTree = "<group>"; };
		CFDD6BC41D2D5B9E005D42BD /* Constants.h */ = {isa = PBXFileReference; lastKnownFileType = sourcecode.c.h; path = Constants.h; sourceTree = "<group>"; };
		CFDFAAFE1CE3E9AC00511441 /* LuminosityViewController.h */ = {isa = PBXFileReference; fileEncoding = 4; lastKnownFileType = sourcecode.c.h; name = LuminosityViewController.h; path = SmartHome/Controllers/LuminosityViewController.h; sourceTree = SOURCE_ROOT; };
		CFDFAAFF1CE3E9AC00511441 /* LuminosityViewController.m */ = {isa = PBXFileReference; fileEncoding = 4; lastKnownFileType = sourcecode.c.objc; name = LuminosityViewController.m; path = SmartHome/Controllers/LuminosityViewController.m; sourceTree = SOURCE_ROOT; };
		CFDFAB001CE3E9AC00511441 /* ServoMotorViewController.h */ = {isa = PBXFileReference; fileEncoding = 4; lastKnownFileType = sourcecode.c.h; name = ServoMotorViewController.h; path = SmartHome/Controllers/ServoMotorViewController.h; sourceTree = SOURCE_ROOT; };
		CFDFAB011CE3E9AC00511441 /* ServoMotorViewController.m */ = {isa = PBXFileReference; fileEncoding = 4; lastKnownFileType = sourcecode.c.objc; name = ServoMotorViewController.m; path = SmartHome/Controllers/ServoMotorViewController.m; sourceTree = SOURCE_ROOT; };
		CFDFAB021CE3E9AC00511441 /* TemperatureViewController.h */ = {isa = PBXFileReference; fileEncoding = 4; lastKnownFileType = sourcecode.c.h; name = TemperatureViewController.h; path = SmartHome/Controllers/TemperatureViewController.h; sourceTree = SOURCE_ROOT; };
		CFDFAB031CE3E9AC00511441 /* TemperatureViewController.m */ = {isa = PBXFileReference; fileEncoding = 4; lastKnownFileType = sourcecode.c.objc; name = TemperatureViewController.m; path = SmartHome/Controllers/TemperatureViewController.m; sourceTree = SOURCE_ROOT; };
		CFDFAB1C1CE3ECCC00511441 /* GraphicView.h */ = {isa = PBXFileReference; fileEncoding = 4; lastKnownFileType = sourcecode.c.h; path = GraphicView.h; sourceTree = "<group>"; };
		CFDFAB1D1CE3ECCC00511441 /* GraphicView.m */ = {isa = PBXFileReference; fileEncoding = 4; lastKnownFileType = sourcecode.c.objc; path = GraphicView.m; sourceTree = "<group>"; };
		CFF7C4F71CE4CC8A0026540E /* BublesView.h */ = {isa = PBXFileReference; fileEncoding = 4; lastKnownFileType = sourcecode.c.h; path = BublesView.h; sourceTree = "<group>"; };
		CFF7C4F81CE4CC8A0026540E /* BublesView.m */ = {isa = PBXFileReference; fileEncoding = 4; lastKnownFileType = sourcecode.c.objc; path = BublesView.m; sourceTree = "<group>"; };
		CFFBDE401E71F56100B8128E /* TIASmartHomeService.h */ = {isa = PBXFileReference; fileEncoding = 4; lastKnownFileType = sourcecode.c.h; path = TIASmartHomeService.h; sourceTree = "<group>"; };
		CFFBDE411E71F56100B8128E /* TIASmartHomeService.m */ = {isa = PBXFileReference; fileEncoding = 4; lastKnownFileType = sourcecode.c.objc; path = TIASmartHomeService.m; sourceTree = "<group>"; };
		CFFBDE431E71F5FA00B8128E /* TIASmartHome_NSURLConnection.h */ = {isa = PBXFileReference; fileEncoding = 4; lastKnownFileType = sourcecode.c.h; path = TIASmartHome_NSURLConnection.h; sourceTree = "<group>"; };
		CFFBDE441E71F5FA00B8128E /* TIASmartHome_NSURLConnection.m */ = {isa = PBXFileReference; fileEncoding = 4; lastKnownFileType = sourcecode.c.objc; path = TIASmartHome_NSURLConnection.m; sourceTree = "<group>"; };
		CFFBDE461E71F94E00B8128E /* TIAUserModel.h */ = {isa = PBXFileReference; fileEncoding = 4; lastKnownFileType = sourcecode.c.h; path = TIAUserModel.h; sourceTree = "<group>"; };
		CFFBDE471E71F94E00B8128E /* TIAUserModel.m */ = {isa = PBXFileReference; fileEncoding = 4; lastKnownFileType = sourcecode.c.objc; path = TIAUserModel.m; sourceTree = "<group>"; };
		CFFBDE491E71F9A600B8128E /* TIATemperatureModel.h */ = {isa = PBXFileReference; fileEncoding = 4; lastKnownFileType = sourcecode.c.h; path = TIATemperatureModel.h; sourceTree = "<group>"; };
		CFFBDE4A1E71F9A600B8128E /* TIATemperatureModel.m */ = {isa = PBXFileReference; fileEncoding = 4; lastKnownFileType = sourcecode.c.objc; path = TIATemperatureModel.m; sourceTree = "<group>"; };
		CFFBDE4D1E71F9DC00B8128E /* TIARoomModel.h */ = {isa = PBXFileReference; fileEncoding = 4; lastKnownFileType = sourcecode.c.h; path = TIARoomModel.h; sourceTree = "<group>"; };
		CFFBDE4E1E71F9DC00B8128E /* TIARoomModel.m */ = {isa = PBXFileReference; fileEncoding = 4; lastKnownFileType = sourcecode.c.objc; path = TIARoomModel.m; sourceTree = "<group>"; };
		CFFBDE501E71FA0800B8128E /* TIAWashingMachineModel.h */ = {isa = PBXFileReference; fileEncoding = 4; lastKnownFileType = sourcecode.c.h; path = TIAWashingMachineModel.h; sourceTree = "<group>"; };
		CFFBDE511E71FA0800B8128E /* TIAWashingMachineModel.m */ = {isa = PBXFileReference; fileEncoding = 4; lastKnownFileType = sourcecode.c.objc; path = TIAWashingMachineModel.m; sourceTree = "<group>"; };
		CFFBDE541E7200CA00B8128E /* TIASerializable.h */ = {isa = PBXFileReference; fileEncoding = 4; lastKnownFileType = sourcecode.c.h; path = TIASerializable.h; sourceTree = "<group>"; };
		CFFBDE581E720F7C00B8128E /* NSArray+Enumerator.h */ = {isa = PBXFileReference; fileEncoding = 4; lastKnownFileType = sourcecode.c.h; name = "NSArray+Enumerator.h"; path = "Categories/NSArray+Enumerator.h"; sourceTree = "<group>"; };
		CFFBDE591E720F7C00B8128E /* NSArray+Enumerator.m */ = {isa = PBXFileReference; fileEncoding = 4; lastKnownFileType = sourcecode.c.objc; name = "NSArray+Enumerator.m"; path = "Categories/NSArray+Enumerator.m"; sourceTree = "<group>"; };
		CFFBDE5B1E7214B900B8128E /* TIATemperaturePerDayModel.h */ = {isa = PBXFileReference; fileEncoding = 4; lastKnownFileType = sourcecode.c.h; path = TIATemperaturePerDayModel.h; sourceTree = "<group>"; };
		CFFBDE5C1E7214B900B8128E /* TIATemperaturePerDayModel.m */ = {isa = PBXFileReference; fileEncoding = 4; lastKnownFileType = sourcecode.c.objc; path = TIATemperaturePerDayModel.m; sourceTree = "<group>"; };
/* End PBXFileReference section */

/* Begin PBXFrameworksBuildPhase section */
		CFBF84121CE3C94700021987 /* Frameworks */ = {
			isa = PBXFrameworksBuildPhase;
			buildActionMask = 2147483647;
			files = (
				05CF7930DC2B63A9D5D730D4 /* Pods_SmartHome.framework in Frameworks */,
			);
			runOnlyForDeploymentPostprocessing = 0;
		};
		CFBF842B1CE3C94800021987 /* Frameworks */ = {
			isa = PBXFrameworksBuildPhase;
			buildActionMask = 2147483647;
			files = (
				B8B1ECF7CC07C83E7A60230B /* Pods_SmartHomeTests.framework in Frameworks */,
			);
			runOnlyForDeploymentPostprocessing = 0;
		};
		CFBF84361CE3C94800021987 /* Frameworks */ = {
			isa = PBXFrameworksBuildPhase;
			buildActionMask = 2147483647;
			files = (
				F29D058BDD208536D5BC2906 /* Pods_SmartHomeUITests.framework in Frameworks */,
			);
			runOnlyForDeploymentPostprocessing = 0;
		};
/* End PBXFrameworksBuildPhase section */

/* Begin PBXGroup section */
		4FE07362F4361EFB8BE3B4B3 /* Frameworks */ = {
			isa = PBXGroup;
			children = (
				0AAC80EB3DA43164F595D07A /* Pods_SmartHome.framework */,
				CAC6B3330C5583F798B77BFD /* Pods_SmartHomeTests.framework */,
				7A2D536C38CFDD048F55D152 /* Pods_SmartHomeUITests.framework */,
			);
			name = Frameworks;
			sourceTree = "<group>";
		};
		CFBF840C1CE3C94700021987 = {
			isa = PBXGroup;
			children = (
				CFBF84171CE3C94700021987 /* SmartHome */,
				CFBF84311CE3C94800021987 /* SmartHomeTests */,
				CFBF843C1CE3C94800021987 /* SmartHomeUITests */,
				CFBF84161CE3C94700021987 /* Products */,
				4FE07362F4361EFB8BE3B4B3 /* Frameworks */,
			);
			sourceTree = "<group>";
		};
		CFBF84161CE3C94700021987 /* Products */ = {
			isa = PBXGroup;
			children = (
				CFBF84151CE3C94700021987 /* SmartHome.app */,
				CFBF842E1CE3C94800021987 /* SmartHomeTests.xctest */,
				CFBF84391CE3C94800021987 /* SmartHomeUITests.xctest */,
			);
			name = Products;
			sourceTree = "<group>";
		};
		CFBF84171CE3C94700021987 /* SmartHome */ = {
			isa = PBXGroup;
			children = (
				CFFBDE571E720EF600B8128E /* Categories */,
				CFFBDE3F1E71F4BA00B8128E /* Services */,
				CFDD6BBC1D2D471D005D42BD /* Utilities */,
				CFBF84581CE3E72B00021987 /* Models */,
				CFDFAAFD1CE3E92700511441 /* Views */,
				CFBF844B1CE3CADE00021987 /* Controllers */,
				CFBF841B1CE3C94700021987 /* AppDelegate.h */,
				CFBF841C1CE3C94700021987 /* AppDelegate.m */,
				CFBF84211CE3C94700021987 /* Main.storyboard */,
				CFBF84241CE3C94800021987 /* Assets.xcassets */,
				CFBF84261CE3C94800021987 /* LaunchScreen.storyboard */,
				CFBF84291CE3C94800021987 /* Info.plist */,
				CFBF84181CE3C94700021987 /* Supporting Files */,
			);
			path = SmartHome;
			sourceTree = "<group>";
		};
		CFBF84181CE3C94700021987 /* Supporting Files */ = {
			isa = PBXGroup;
			children = (
				CFBF84191CE3C94700021987 /* main.m */,
			);
			name = "Supporting Files";
			sourceTree = "<group>";
		};
		CFBF84311CE3C94800021987 /* SmartHomeTests */ = {
			isa = PBXGroup;
			children = (
				CFBF84321CE3C94800021987 /* SmartHomeTests.m */,
				CFBF84341CE3C94800021987 /* Info.plist */,
			);
			path = SmartHomeTests;
			sourceTree = "<group>";
		};
		CFBF843C1CE3C94800021987 /* SmartHomeUITests */ = {
			isa = PBXGroup;
			children = (
				CFBF843D1CE3C94800021987 /* SmartHomeUITests.m */,
				CFBF843F1CE3C94800021987 /* Info.plist */,
			);
			path = SmartHomeUITests;
			sourceTree = "<group>";
		};
		CFBF844B1CE3CADE00021987 /* Controllers */ = {
			isa = PBXGroup;
			children = (
				CFDFAB021CE3E9AC00511441 /* TemperatureViewController.h */,
				CFDFAB031CE3E9AC00511441 /* TemperatureViewController.m */,
				CFDFAAFE1CE3E9AC00511441 /* LuminosityViewController.h */,
				CFDFAAFF1CE3E9AC00511441 /* LuminosityViewController.m */,
				CFDFAB001CE3E9AC00511441 /* ServoMotorViewController.h */,
				CFDFAB011CE3E9AC00511441 /* ServoMotorViewController.m */,
			);
			path = Controllers;
			sourceTree = "<group>";
		};
		CFBF84581CE3E72B00021987 /* Models */ = {
			isa = PBXGroup;
			children = (
				CFFBDE461E71F94E00B8128E /* TIAUserModel.h */,
				CFFBDE471E71F94E00B8128E /* TIAUserModel.m */,
				CFFBDE491E71F9A600B8128E /* TIATemperatureModel.h */,
				CFFBDE4A1E71F9A600B8128E /* TIATemperatureModel.m */,
				CFFBDE4D1E71F9DC00B8128E /* TIARoomModel.h */,
				CFFBDE4E1E71F9DC00B8128E /* TIARoomModel.m */,
				CFFBDE501E71FA0800B8128E /* TIAWashingMachineModel.h */,
				CFFBDE511E71FA0800B8128E /* TIAWashingMachineModel.m */,
				CFFBDE541E7200CA00B8128E /* TIASerializable.h */,
				CFFBDE5B1E7214B900B8128E /* TIATemperaturePerDayModel.h */,
				CFFBDE5C1E7214B900B8128E /* TIATemperaturePerDayModel.m */,
			);
			path = Models;
			sourceTree = "<group>";
		};
		CFDD6BBC1D2D471D005D42BD /* Utilities */ = {
			isa = PBXGroup;
			children = (
				CFDD6BC01D2D47E9005D42BD /* UIComponents.h */,
				CFDD6BC11D2D47E9005D42BD /* UIComponents.m */,
				CFDD6BC41D2D5B9E005D42BD /* Constants.h */,
			);
			path = Utilities;
			sourceTree = "<group>";
		};
		CFDFAAFD1CE3E92700511441 /* Views */ = {
			isa = PBXGroup;
			children = (
				CFDFAB1C1CE3ECCC00511441 /* GraphicView.h */,
				CFDFAB1D1CE3ECCC00511441 /* GraphicView.m */,
				CFF7C4F71CE4CC8A0026540E /* BublesView.h */,
				CFF7C4F81CE4CC8A0026540E /* BublesView.m */,
			);
			path = Views;
			sourceTree = "<group>";
		};
		CFFBDE3F1E71F4BA00B8128E /* Services */ = {
			isa = PBXGroup;
			children = (
				CFFBDE401E71F56100B8128E /* TIASmartHomeService.h */,
				CFFBDE411E71F56100B8128E /* TIASmartHomeService.m */,
				CFFBDE431E71F5FA00B8128E /* TIASmartHome_NSURLConnection.h */,
				CFFBDE441E71F5FA00B8128E /* TIASmartHome_NSURLConnection.m */,
			);
			path = Services;
			sourceTree = "<group>";
		};
		CFFBDE571E720EF600B8128E /* Categories */ = {
			isa = PBXGroup;
			children = (
				CFFBDE581E720F7C00B8128E /* NSArray+Enumerator.h */,
				CFFBDE591E720F7C00B8128E /* NSArray+Enumerator.m */,
			);
			name = Categories;
			sourceTree = "<group>";
		};
/* End PBXGroup section */

/* Begin PBXNativeTarget section */
		CFBF84141CE3C94700021987 /* SmartHome */ = {
			isa = PBXNativeTarget;
			buildConfigurationList = CFBF84421CE3C94800021987 /* Build configuration list for PBXNativeTarget "SmartHome" */;
			buildPhases = (
				CFBF84111CE3C94700021987 /* Sources */,
				CFBF84121CE3C94700021987 /* Frameworks */,
				CFBF84131CE3C94700021987 /* Resources */,
			);
			buildRules = (
			);
			dependencies = (
			);
			name = SmartHome;
			productName = SmartHome;
			productReference = CFBF84151CE3C94700021987 /* SmartHome.app */;
			productType = "com.apple.product-type.application";
		};
		CFBF842D1CE3C94800021987 /* SmartHomeTests */ = {
			isa = PBXNativeTarget;
			buildConfigurationList = CFBF84451CE3C94800021987 /* Build configuration list for PBXNativeTarget "SmartHomeTests" */;
			buildPhases = (
				A425755DD1D77EA01CF62A72 /* 📦 Check Pods Manifest.lock */,
				CFBF842A1CE3C94800021987 /* Sources */,
				CFBF842B1CE3C94800021987 /* Frameworks */,
				CFBF842C1CE3C94800021987 /* Resources */,
				750DC9F5D9F4FB6B435455E3 /* 📦 Embed Pods Frameworks */,
				28EAC440A74A13D4CDF42FB3 /* 📦 Copy Pods Resources */,
			);
			buildRules = (
			);
			dependencies = (
				CFBF84301CE3C94800021987 /* PBXTargetDependency */,
			);
			name = SmartHomeTests;
			productName = SmartHomeTests;
			productReference = CFBF842E1CE3C94800021987 /* SmartHomeTests.xctest */;
			productType = "com.apple.product-type.bundle.unit-test";
		};
		CFBF84381CE3C94800021987 /* SmartHomeUITests */ = {
			isa = PBXNativeTarget;
			buildConfigurationList = CFBF84481CE3C94800021987 /* Build configuration list for PBXNativeTarget "SmartHomeUITests" */;
			buildPhases = (
				6387E0B28DC58EB20A51EC9F /* 📦 Check Pods Manifest.lock */,
				CFBF84351CE3C94800021987 /* Sources */,
				CFBF84361CE3C94800021987 /* Frameworks */,
				CFBF84371CE3C94800021987 /* Resources */,
				F9658CE437771657762F7205 /* 📦 Copy Pods Resources */,
			);
			buildRules = (
			);
			dependencies = (
				CFBF843B1CE3C94800021987 /* PBXTargetDependency */,
			);
			name = SmartHomeUITests;
			productName = SmartHomeUITests;
			productReference = CFBF84391CE3C94800021987 /* SmartHomeUITests.xctest */;
			productType = "com.apple.product-type.bundle.ui-testing";
		};
/* End PBXNativeTarget section */

/* Begin PBXProject section */
		CFBF840D1CE3C94700021987 /* Project object */ = {
			isa = PBXProject;
			attributes = {
				LastUpgradeCheck = 0820;
				ORGANIZATIONNAME = "Adela Toderici";
				TargetAttributes = {
					CFBF84141CE3C94700021987 = {
						CreatedOnToolsVersion = 7.3;
					};
					CFBF842D1CE3C94800021987 = {
						CreatedOnToolsVersion = 7.3;
						DevelopmentTeam = Q24FCVN27R;
						TestTargetID = CFBF84141CE3C94700021987;
					};
					CFBF84381CE3C94800021987 = {
						CreatedOnToolsVersion = 7.3;
						DevelopmentTeam = Q24FCVN27R;
						TestTargetID = CFBF84141CE3C94700021987;
					};
				};
			};
			buildConfigurationList = CFBF84101CE3C94700021987 /* Build configuration list for PBXProject "SmartHome" */;
			compatibilityVersion = "Xcode 3.2";
			developmentRegion = English;
			hasScannedForEncodings = 0;
			knownRegions = (
				en,
				Base,
			);
			mainGroup = CFBF840C1CE3C94700021987;
			productRefGroup = CFBF84161CE3C94700021987 /* Products */;
			projectDirPath = "";
			projectRoot = "";
			targets = (
				CFBF84141CE3C94700021987 /* SmartHome */,
				CFBF842D1CE3C94800021987 /* SmartHomeTests */,
				CFBF84381CE3C94800021987 /* SmartHomeUITests */,
			);
		};
/* End PBXProject section */

/* Begin PBXResourcesBuildPhase section */
		CFBF84131CE3C94700021987 /* Resources */ = {
			isa = PBXResourcesBuildPhase;
			buildActionMask = 2147483647;
			files = (
				CFBF84281CE3C94800021987 /* LaunchScreen.storyboard in Resources */,
				CFBF84251CE3C94800021987 /* Assets.xcassets in Resources */,
				CFBF84231CE3C94700021987 /* Main.storyboard in Resources */,
			);
			runOnlyForDeploymentPostprocessing = 0;
		};
		CFBF842C1CE3C94800021987 /* Resources */ = {
			isa = PBXResourcesBuildPhase;
			buildActionMask = 2147483647;
			files = (
			);
			runOnlyForDeploymentPostprocessing = 0;
		};
		CFBF84371CE3C94800021987 /* Resources */ = {
			isa = PBXResourcesBuildPhase;
			buildActionMask = 2147483647;
			files = (
			);
			runOnlyForDeploymentPostprocessing = 0;
		};
/* End PBXResourcesBuildPhase section */

/* Begin PBXShellScriptBuildPhase section */
		28EAC440A74A13D4CDF42FB3 /* 📦 Copy Pods Resources */ = {
			isa = PBXShellScriptBuildPhase;
			buildActionMask = 2147483647;
			files = (
			);
			inputPaths = (
			);
			name = "📦 Copy Pods Resources";
			outputPaths = (
			);
			runOnlyForDeploymentPostprocessing = 0;
			shellPath = /bin/sh;
			shellScript = "\"${SRCROOT}/Pods/Target Support Files/Pods-SmartHomeTests/Pods-SmartHomeTests-resources.sh\"\n";
			showEnvVarsInLog = 0;
		};
		6387E0B28DC58EB20A51EC9F /* 📦 Check Pods Manifest.lock */ = {
			isa = PBXShellScriptBuildPhase;
			buildActionMask = 2147483647;
			files = (
			);
			inputPaths = (
			);
			name = "📦 Check Pods Manifest.lock";
			outputPaths = (
			);
			runOnlyForDeploymentPostprocessing = 0;
			shellPath = /bin/sh;
			shellScript = "diff \"${PODS_ROOT}/../Podfile.lock\" \"${PODS_ROOT}/Manifest.lock\" > /dev/null\nif [[ $? != 0 ]] ; then\n    cat << EOM\nerror: The sandbox is not in sync with the Podfile.lock. Run 'pod install' or update your CocoaPods installation.\nEOM\n    exit 1\nfi\n";
			showEnvVarsInLog = 0;
		};
		750DC9F5D9F4FB6B435455E3 /* 📦 Embed Pods Frameworks */ = {
			isa = PBXShellScriptBuildPhase;
			buildActionMask = 2147483647;
			files = (
			);
			inputPaths = (
			);
			name = "📦 Embed Pods Frameworks";
			outputPaths = (
			);
			runOnlyForDeploymentPostprocessing = 0;
			shellPath = /bin/sh;
			shellScript = "\"${SRCROOT}/Pods/Target Support Files/Pods-SmartHomeTests/Pods-SmartHomeTests-frameworks.sh\"\n";
			showEnvVarsInLog = 0;
		};
		A425755DD1D77EA01CF62A72 /* 📦 Check Pods Manifest.lock */ = {
			isa = PBXShellScriptBuildPhase;
			buildActionMask = 2147483647;
			files = (
			);
			inputPaths = (
			);
			name = "📦 Check Pods Manifest.lock";
			outputPaths = (
			);
			runOnlyForDeploymentPostprocessing = 0;
			shellPath = /bin/sh;
			shellScript = "diff \"${PODS_ROOT}/../Podfile.lock\" \"${PODS_ROOT}/Manifest.lock\" > /dev/null\nif [[ $? != 0 ]] ; then\n    cat << EOM\nerror: The sandbox is not in sync with the Podfile.lock. Run 'pod install' or update your CocoaPods installation.\nEOM\n    exit 1\nfi\n";
			showEnvVarsInLog = 0;
		};
		F9658CE437771657762F7205 /* 📦 Copy Pods Resources */ = {
			isa = PBXShellScriptBuildPhase;
			buildActionMask = 2147483647;
			files = (
			);
			inputPaths = (
			);
			name = "📦 Copy Pods Resources";
			outputPaths = (
			);
			runOnlyForDeploymentPostprocessing = 0;
			shellPath = /bin/sh;
			shellScript = "\"${SRCROOT}/Pods/Target Support Files/Pods-SmartHomeUITests/Pods-SmartHomeUITests-resources.sh\"\n";
			showEnvVarsInLog = 0;
		};
/* End PBXShellScriptBuildPhase section */

/* Begin PBXSourcesBuildPhase section */
		CFBF84111CE3C94700021987 /* Sources */ = {
			isa = PBXSourcesBuildPhase;
			buildActionMask = 2147483647;
			files = (
				CFDFAB201CE3ECCC00511441 /* GraphicView.m in Sources */,
				CFFBDE5A1E720F7C00B8128E /* NSArray+Enumerator.m in Sources */,
				CFDFAB051CE3E9AC00511441 /* ServoMotorViewController.m in Sources */,
				CFFBDE4F1E71F9DC00B8128E /* TIARoomModel.m in Sources */,
				CFBF841D1CE3C94700021987 /* AppDelegate.m in Sources */,
				CFFBDE5D1E7214B900B8128E /* TIATemperaturePerDayModel.m in Sources */,
				CFDFAB061CE3E9AC00511441 /* TemperatureViewController.m in Sources */,
				CFFBDE451E71F5FA00B8128E /* TIASmartHome_NSURLConnection.m in Sources */,
				CFFBDE521E71FA0800B8128E /* TIAWashingMachineModel.m in Sources */,
				CFF7C4F91CE4CC8A0026540E /* BublesView.m in Sources */,
				CFDD6BC21D2D47E9005D42BD /* UIComponents.m in Sources */,
				CFBF841A1CE3C94700021987 /* main.m in Sources */,
				CFFBDE421E71F56100B8128E /* TIASmartHomeService.m in Sources */,
				CFFBDE4B1E71F9A600B8128E /* TIATemperatureModel.m in Sources */,
				CFDFAB041CE3E9AC00511441 /* LuminosityViewController.m in Sources */,
				CFFBDE481E71F94E00B8128E /* TIAUserModel.m in Sources */,
			);
			runOnlyForDeploymentPostprocessing = 0;
		};
		CFBF842A1CE3C94800021987 /* Sources */ = {
			isa = PBXSourcesBuildPhase;
			buildActionMask = 2147483647;
			files = (
				CFBF84331CE3C94800021987 /* SmartHomeTests.m in Sources */,
			);
			runOnlyForDeploymentPostprocessing = 0;
		};
		CFBF84351CE3C94800021987 /* Sources */ = {
			isa = PBXSourcesBuildPhase;
			buildActionMask = 2147483647;
			files = (
				CFBF843E1CE3C94800021987 /* SmartHomeUITests.m in Sources */,
			);
			runOnlyForDeploymentPostprocessing = 0;
		};
/* End PBXSourcesBuildPhase section */

/* Begin PBXTargetDependency section */
		CFBF84301CE3C94800021987 /* PBXTargetDependency */ = {
			isa = PBXTargetDependency;
			target = CFBF84141CE3C94700021987 /* SmartHome */;
			targetProxy = CFBF842F1CE3C94800021987 /* PBXContainerItemProxy */;
		};
		CFBF843B1CE3C94800021987 /* PBXTargetDependency */ = {
			isa = PBXTargetDependency;
			target = CFBF84141CE3C94700021987 /* SmartHome */;
			targetProxy = CFBF843A1CE3C94800021987 /* PBXContainerItemProxy */;
		};
/* End PBXTargetDependency section */

/* Begin PBXVariantGroup section */
		CFBF84211CE3C94700021987 /* Main.storyboard */ = {
			isa = PBXVariantGroup;
			children = (
				CFBF84221CE3C94700021987 /* Base */,
			);
			name = Main.storyboard;
			sourceTree = "<group>";
		};
		CFBF84261CE3C94800021987 /* LaunchScreen.storyboard */ = {
			isa = PBXVariantGroup;
			children = (
				CFBF84271CE3C94800021987 /* Base */,
			);
			name = LaunchScreen.storyboard;
			sourceTree = "<group>";
		};
/* End PBXVariantGroup section */

/* Begin XCBuildConfiguration section */
		CFBF84401CE3C94800021987 /* Debug */ = {
			isa = XCBuildConfiguration;
			buildSettings = {
				ALWAYS_SEARCH_USER_PATHS = NO;
				CLANG_ANALYZER_NONNULL = YES;
				CLANG_CXX_LANGUAGE_STANDARD = "gnu++0x";
				CLANG_CXX_LIBRARY = "libc++";
				CLANG_ENABLE_MODULES = YES;
				CLANG_ENABLE_OBJC_ARC = YES;
				CLANG_WARN_BOOL_CONVERSION = YES;
				CLANG_WARN_CONSTANT_CONVERSION = YES;
				CLANG_WARN_DIRECT_OBJC_ISA_USAGE = YES_ERROR;
				CLANG_WARN_EMPTY_BODY = YES;
				CLANG_WARN_ENUM_CONVERSION = YES;
				CLANG_WARN_INFINITE_RECURSION = YES;
				CLANG_WARN_INT_CONVERSION = YES;
				CLANG_WARN_OBJC_ROOT_CLASS = YES_ERROR;
				CLANG_WARN_SUSPICIOUS_MOVE = YES;
				CLANG_WARN_UNREACHABLE_CODE = YES;
				CLANG_WARN__DUPLICATE_METHOD_MATCH = YES;
				"CODE_SIGN_IDENTITY[sdk=iphoneos*]" = "iPhone Developer";
				COPY_PHASE_STRIP = NO;
				DEBUG_INFORMATION_FORMAT = dwarf;
				ENABLE_STRICT_OBJC_MSGSEND = YES;
				ENABLE_TESTABILITY = YES;
				GCC_C_LANGUAGE_STANDARD = gnu99;
				GCC_DYNAMIC_NO_PIC = NO;
				GCC_NO_COMMON_BLOCKS = YES;
				GCC_OPTIMIZATION_LEVEL = 0;
				GCC_PREPROCESSOR_DEFINITIONS = (
					"DEBUG=1",
					"$(inherited)",
				);
				GCC_WARN_64_TO_32_BIT_CONVERSION = YES;
				GCC_WARN_ABOUT_RETURN_TYPE = YES_ERROR;
				GCC_WARN_UNDECLARED_SELECTOR = YES;
				GCC_WARN_UNINITIALIZED_AUTOS = YES_AGGRESSIVE;
				GCC_WARN_UNUSED_FUNCTION = YES;
				GCC_WARN_UNUSED_VARIABLE = YES;
				IPHONEOS_DEPLOYMENT_TARGET = 9.3;
				MTL_ENABLE_DEBUG_INFO = YES;
				ONLY_ACTIVE_ARCH = YES;
				SDKROOT = iphoneos;
			};
			name = Debug;
		};
		CFBF84411CE3C94800021987 /* Release */ = {
			isa = XCBuildConfiguration;
			buildSettings = {
				ALWAYS_SEARCH_USER_PATHS = NO;
				CLANG_ANALYZER_NONNULL = YES;
				CLANG_CXX_LANGUAGE_STANDARD = "gnu++0x";
				CLANG_CXX_LIBRARY = "libc++";
				CLANG_ENABLE_MODULES = YES;
				CLANG_ENABLE_OBJC_ARC = YES;
				CLANG_WARN_BOOL_CONVERSION = YES;
				CLANG_WARN_CONSTANT_CONVERSION = YES;
				CLANG_WARN_DIRECT_OBJC_ISA_USAGE = YES_ERROR;
				CLANG_WARN_EMPTY_BODY = YES;
				CLANG_WARN_ENUM_CONVERSION = YES;
				CLANG_WARN_INFINITE_RECURSION = YES;
				CLANG_WARN_INT_CONVERSION = YES;
				CLANG_WARN_OBJC_ROOT_CLASS = YES_ERROR;
				CLANG_WARN_SUSPICIOUS_MOVE = YES;
				CLANG_WARN_UNREACHABLE_CODE = YES;
				CLANG_WARN__DUPLICATE_METHOD_MATCH = YES;
				"CODE_SIGN_IDENTITY[sdk=iphoneos*]" = "iPhone Developer";
				COPY_PHASE_STRIP = NO;
				DEBUG_INFORMATION_FORMAT = "dwarf-with-dsym";
				ENABLE_NS_ASSERTIONS = NO;
				ENABLE_STRICT_OBJC_MSGSEND = YES;
				GCC_C_LANGUAGE_STANDARD = gnu99;
				GCC_NO_COMMON_BLOCKS = YES;
				GCC_WARN_64_TO_32_BIT_CONVERSION = YES;
				GCC_WARN_ABOUT_RETURN_TYPE = YES_ERROR;
				GCC_WARN_UNDECLARED_SELECTOR = YES;
				GCC_WARN_UNINITIALIZED_AUTOS = YES_AGGRESSIVE;
				GCC_WARN_UNUSED_FUNCTION = YES;
				GCC_WARN_UNUSED_VARIABLE = YES;
				IPHONEOS_DEPLOYMENT_TARGET = 9.3;
				MTL_ENABLE_DEBUG_INFO = NO;
				SDKROOT = iphoneos;
				VALIDATE_PRODUCT = YES;
			};
			name = Release;
		};
		CFBF84431CE3C94800021987 /* Debug */ = {
			isa = XCBuildConfiguration;
			buildSettings = {
				ASSETCATALOG_COMPILER_APPICON_NAME = AppIcon;
				DEVELOPMENT_TEAM = "";
				INFOPLIST_FILE = SmartHome/Info.plist;
				LD_RUNPATH_SEARCH_PATHS = "$(inherited) @executable_path/Frameworks";
				PRODUCT_BUNDLE_IDENTIFIER = abc.SmartHome;
				PRODUCT_NAME = "$(TARGET_NAME)";
			};
			name = Debug;
		};
		CFBF84441CE3C94800021987 /* Release */ = {
			isa = XCBuildConfiguration;
			buildSettings = {
				ASSETCATALOG_COMPILER_APPICON_NAME = AppIcon;
				DEVELOPMENT_TEAM = "";
				INFOPLIST_FILE = SmartHome/Info.plist;
				LD_RUNPATH_SEARCH_PATHS = "$(inherited) @executable_path/Frameworks";
				PRODUCT_BUNDLE_IDENTIFIER = abc.SmartHome;
				PRODUCT_NAME = "$(TARGET_NAME)";
			};
			name = Release;
		};
		CFBF84461CE3C94800021987 /* Debug */ = {
			isa = XCBuildConfiguration;
			buildSettings = {
				BUNDLE_LOADER = "$(TEST_HOST)";
				INFOPLIST_FILE = SmartHomeTests/Info.plist;
				LD_RUNPATH_SEARCH_PATHS = "$(inherited) @executable_path/Frameworks @loader_path/Frameworks";
				PRODUCT_BUNDLE_IDENTIFIER = abc.SmartHomeTests;
				PRODUCT_NAME = "$(TARGET_NAME)";
				TEST_HOST = "$(BUILT_PRODUCTS_DIR)/SmartHome.app/SmartHome";
			};
			name = Debug;
		};
		CFBF84471CE3C94800021987 /* Release */ = {
			isa = XCBuildConfiguration;
			buildSettings = {
				BUNDLE_LOADER = "$(TEST_HOST)";
				INFOPLIST_FILE = SmartHomeTests/Info.plist;
				LD_RUNPATH_SEARCH_PATHS = "$(inherited) @executable_path/Frameworks @loader_path/Frameworks";
				PRODUCT_BUNDLE_IDENTIFIER = abc.SmartHomeTests;
				PRODUCT_NAME = "$(TARGET_NAME)";
				TEST_HOST = "$(BUILT_PRODUCTS_DIR)/SmartHome.app/SmartHome";
			};
			name = Release;
		};
		CFBF84491CE3C94800021987 /* Debug */ = {
			isa = XCBuildConfiguration;
			buildSettings = {
				INFOPLIST_FILE = SmartHomeUITests/Info.plist;
				LD_RUNPATH_SEARCH_PATHS = "$(inherited) @executable_path/Frameworks @loader_path/Frameworks";
				PRODUCT_BUNDLE_IDENTIFIER = abc.SmartHomeUITests;
				PRODUCT_NAME = "$(TARGET_NAME)";
				TEST_TARGET_NAME = SmartHome;
			};
			name = Debug;
		};
		CFBF844A1CE3C94800021987 /* Release */ = {
			isa = XCBuildConfiguration;
			buildSettings = {
				INFOPLIST_FILE = SmartHomeUITests/Info.plist;
				LD_RUNPATH_SEARCH_PATHS = "$(inherited) @executable_path/Frameworks @loader_path/Frameworks";
				PRODUCT_BUNDLE_IDENTIFIER = abc.SmartHomeUITests;
				PRODUCT_NAME = "$(TARGET_NAME)";
				TEST_TARGET_NAME = SmartHome;
			};
			name = Release;
		};
/* End XCBuildConfiguration section */

/* Begin XCConfigurationList section */
		CFBF84101CE3C94700021987 /* Build configuration list for PBXProject "SmartHome" */ = {
			isa = XCConfigurationList;
			buildConfigurations = (
				CFBF84401CE3C94800021987 /* Debug */,
				CFBF84411CE3C94800021987 /* Release */,
			);
			defaultConfigurationIsVisible = 0;
			defaultConfigurationName = Release;
		};
		CFBF84421CE3C94800021987 /* Build configuration list for PBXNativeTarget "SmartHome" */ = {
			isa = XCConfigurationList;
			buildConfigurations = (
				CFBF84431CE3C94800021987 /* Debug */,
				CFBF84441CE3C94800021987 /* Release */,
			);
			defaultConfigurationIsVisible = 0;
			defaultConfigurationName = Release;
		};
		CFBF84451CE3C94800021987 /* Build configuration list for PBXNativeTarget "SmartHomeTests" */ = {
			isa = XCConfigurationList;
			buildConfigurations = (
				CFBF84461CE3C94800021987 /* Debug */,
				CFBF84471CE3C94800021987 /* Release */,
			);
			defaultConfigurationIsVisible = 0;
			defaultConfigurationName = Release;
		};
		CFBF84481CE3C94800021987 /* Build configuration list for PBXNativeTarget "SmartHomeUITests" */ = {
			isa = XCConfigurationList;
			buildConfigurations = (
				CFBF84491CE3C94800021987 /* Debug */,
				CFBF844A1CE3C94800021987 /* Release */,
			);
			defaultConfigurationIsVisible = 0;
			defaultConfigurationName = Release;
		};
/* End XCConfigurationList section */
	};
	rootObject = CFBF840D1CE3C94700021987 /* Project object */;
}
